
Microsoft Visual Studio Solution File, Format Version 12.00
# Visual Studio Version 17
VisualStudioVersion = 17.0.31611.283
MinimumVisualStudioVersion = 10.0.40219.1
Project("{9A19103F-16F7-4668-BE54-9A1E7A4F7556}") = "LunchAndLearn", "LunchAndLearn\LunchAndLearn.csproj", "{681B1616-9547-428D-9F62-9E12D4B9AC8C}"
EndProject
Project("{FAE04EC0-301F-11D3-BF4B-00C04F79EFBC}") = "Services", "Services\Services.csproj", "{1578BDC2-2A60-40CC-9DE7-64FB30B575DB}"
EndProject
Project("{FAE04EC0-301F-11D3-BF4B-00C04F79EFBC}") = "Models", "Models\Models.csproj", "{46BE0E84-44A4-48BA-BD9F-EBD8F551398C}"
EndProject
Global
	GlobalSection(SolutionConfigurationPlatforms) = preSolution
		Debug|Any CPU = Debug|Any CPU
		Release|Any CPU = Release|Any CPU
	EndGlobalSection
	GlobalSection(ProjectConfigurationPlatforms) = postSolution
		{681B1616-9547-428D-9F62-9E12D4B9AC8C}.Debug|Any CPU.ActiveCfg = Debug|Any CPU
		{681B1616-9547-428D-9F62-9E12D4B9AC8C}.Debug|Any CPU.Build.0 = Debug|Any CPU
		{681B1616-9547-428D-9F62-9E12D4B9AC8C}.Debug|Any CPU.Deploy.0 = Debug|Any CPU
		{681B1616-9547-428D-9F62-9E12D4B9AC8C}.Release|Any CPU.ActiveCfg = Release|Any CPU
		{681B1616-9547-428D-9F62-9E12D4B9AC8C}.Release|Any CPU.Build.0 = Release|Any CPU
		{681B1616-9547-428D-9F62-9E12D4B9AC8C}.Release|Any CPU.Deploy.0 = Release|Any CPU
		{1578BDC2-2A60-40CC-9DE7-64FB30B575DB}.Debug|Any CPU.ActiveCfg = Debug|Any CPU
		{1578BDC2-2A60-40CC-9DE7-64FB30B575DB}.Debug|Any CPU.Build.0 = Debug|Any CPU
		{1578BDC2-2A60-40CC-9DE7-64FB30B575DB}.Release|Any CPU.ActiveCfg = Release|Any CPU
		{1578BDC2-2A60-40CC-9DE7-64FB30B575DB}.Release|Any CPU.Build.0 = Release|Any CPU
		{46BE0E84-44A4-48BA-BD9F-EBD8F551398C}.Debug|Any CPU.ActiveCfg = Debug|Any CPU
		{46BE0E84-44A4-48BA-BD9F-EBD8F551398C}.Debug|Any CPU.Build.0 = Debug|Any CPU
		{46BE0E84-44A4-48BA-BD9F-EBD8F551398C}.Release|Any CPU.ActiveCfg = Release|Any CPU
		{46BE0E84-44A4-48BA-BD9F-EBD8F551398C}.Release|Any CPU.Build.0 = Release|Any CPU
	EndGlobalSection
	GlobalSection(SolutionProperties) = preSolution
		HideSolutionNode = FALSE
	EndGlobalSection
	GlobalSection(ExtensibilityGlobals) = postSolution
		SolutionGuid = {61F7FB11-1E47-470C-91E2-47F8143E1572}
	EndGlobalSection
EndGlobal
